// !$*UTF8*$!
{
	archiveVersion = 1;
	classes = {
	};
	objectVersion = 56;
	objects = {

/* Begin PBXBuildFile section */
		A98531EB29D4574800BF2CEE /* AppDelegate.swift in Sources */ = {isa = PBXBuildFile; fileRef = A98531EA29D4574800BF2CEE /* AppDelegate.swift */; };
		A98531ED29D4574800BF2CEE /* SceneDelegate.swift in Sources */ = {isa = PBXBuildFile; fileRef = A98531EC29D4574800BF2CEE /* SceneDelegate.swift */; };
		A98531EF29D4574800BF2CEE /* ViewController.swift in Sources */ = {isa = PBXBuildFile; fileRef = A98531EE29D4574800BF2CEE /* ViewController.swift */; };
		A98531F229D4574800BF2CEE /* Main.storyboard in Resources */ = {isa = PBXBuildFile; fileRef = A98531F029D4574800BF2CEE /* Main.storyboard */; };
		A98531F429D4574900BF2CEE /* Assets.xcassets in Resources */ = {isa = PBXBuildFile; fileRef = A98531F329D4574900BF2CEE /* Assets.xcassets */; };
		A98531F729D4574900BF2CEE /* LaunchScreen.storyboard in Resources */ = {isa = PBXBuildFile; fileRef = A98531F529D4574900BF2CEE /* LaunchScreen.storyboard */; };
		A9CCFD4029DC4E3000B9AFDC /* Question.swift in Sources */ = {isa = PBXBuildFile; fileRef = A9CCFD3F29DC4E3000B9AFDC /* Question.swift */; };
		A9CCFD4529DC8AB700B9AFDC /* QuizBrain.swift in Sources */ = {isa = PBXBuildFile; fileRef = A9CCFD4429DC8AB700B9AFDC /* QuizBrain.swift */; };
/* End PBXBuildFile section */

/* Begin PBXFileReference section */
		A98531E729D4574800BF2CEE /* Quiz Conjugaison.app */ = {isa = PBXFileReference; explicitFileType = wrapper.application; includeInIndex = 0; path = "Quiz Conjugaison.app"; sourceTree = BUILT_PRODUCTS_DIR; };
		A98531EA29D4574800BF2CEE /* AppDelegate.swift */ = {isa = PBXFileReference; lastKnownFileType = sourcecode.swift; path = AppDelegate.swift; sourceTree = "<group>"; };
		A98531EC29D4574800BF2CEE /* SceneDelegate.swift */ = {isa = PBXFileReference; lastKnownFileType = sourcecode.swift; path = SceneDelegate.swift; sourceTree = "<group>"; };
		A98531EE29D4574800BF2CEE /* ViewController.swift */ = {isa = PBXFileReference; lastKnownFileType = sourcecode.swift; path = ViewController.swift; sourceTree = "<group>"; };
		A98531F129D4574800BF2CEE /* Base */ = {isa = PBXFileReference; lastKnownFileType = file.storyboard; name = Base; path = Base.lproj/Main.storyboard; sourceTree = "<group>"; };
		A98531F329D4574900BF2CEE /* Assets.xcassets */ = {isa = PBXFileReference; lastKnownFileType = folder.assetcatalog; path = Assets.xcassets; sourceTree = "<group>"; };
		A98531F629D4574900BF2CEE /* Base */ = {isa = PBXFileReference; lastKnownFileType = file.storyboard; name = Base; path = Base.lproj/LaunchScreen.storyboard; sourceTree = "<group>"; };
		A98531F829D4574900BF2CEE /* Info.plist */ = {isa = PBXFileReference; lastKnownFileType = text.plist.xml; path = Info.plist; sourceTree = "<group>"; };
		A9CCFD3F29DC4E3000B9AFDC /* Question.swift */ = {isa = PBXFileReference; lastKnownFileType = sourcecode.swift; path = Question.swift; sourceTree = "<group>"; };
		A9CCFD4429DC8AB700B9AFDC /* QuizBrain.swift */ = {isa = PBXFileReference; lastKnownFileType = sourcecode.swift; path = QuizBrain.swift; sourceTree = "<group>"; };
/* End PBXFileReference section */

/* Begin PBXFrameworksBuildPhase section */
		A98531E429D4574800BF2CEE /* Frameworks */ = {
			isa = PBXFrameworksBuildPhase;
			buildActionMask = 2147483647;
			files = (
			);
			runOnlyForDeploymentPostprocessing = 0;
		};
/* End PBXFrameworksBuildPhase section */

/* Begin PBXGroup section */
		A98531DE29D4574800BF2CEE = {
			isa = PBXGroup;
			children = (
				A98531E929D4574800BF2CEE /* Quiz Conjugaison */,
				A98531E829D4574800BF2CEE /* Products */,
			);
			sourceTree = "<group>";
		};
		A98531E829D4574800BF2CEE /* Products */ = {
			isa = PBXGroup;
			children = (
				A98531E729D4574800BF2CEE /* Quiz Conjugaison.app */,
			);
			name = Products;
			sourceTree = "<group>";
		};
		A98531E929D4574800BF2CEE /* Quiz Conjugaison */ = {
			isa = PBXGroup;
			children = (
				A98531EA29D4574800BF2CEE /* AppDelegate.swift */,
				A98531EC29D4574800BF2CEE /* SceneDelegate.swift */,
				A9CCFD4329DC8A4200B9AFDC /* Controller */,
				A9CCFD4229DC8A2900B9AFDC /* View */,
				A98531F329D4574900BF2CEE /* Assets.xcassets */,
				A98531F529D4574900BF2CEE /* LaunchScreen.storyboard */,
				A98531F829D4574900BF2CEE /* Info.plist */,
				A9CCFD4129DC89FD00B9AFDC /* Model */,
			);
			path = "Quiz Conjugaison";
			sourceTree = "<group>";
		};
		A9CCFD4129DC89FD00B9AFDC /* Model */ = {
			isa = PBXGroup;
			children = (
				A9CCFD3F29DC4E3000B9AFDC /* Question.swift */,
				A9CCFD4429DC8AB700B9AFDC /* QuizBrain.swift */,
			);
			path = Model;
			sourceTree = "<group>";
		};
		A9CCFD4229DC8A2900B9AFDC /* View */ = {
			isa = PBXGroup;
			children = (
				A98531F029D4574800BF2CEE /* Main.storyboard */,
			);
			path = View;
			sourceTree = "<group>";
		};
		A9CCFD4329DC8A4200B9AFDC /* Controller */ = {
			isa = PBXGroup;
			children = (
				A98531EE29D4574800BF2CEE /* ViewController.swift */,
			);
			path = Controller;
			sourceTree = "<group>";
		};
/* End PBXGroup section */

/* Begin PBXNativeTarget section */
		A98531E629D4574800BF2CEE /* Quiz Conjugaison */ = {
			isa = PBXNativeTarget;
			buildConfigurationList = A98531FB29D4574900BF2CEE /* Build configuration list for PBXNativeTarget "Quiz Conjugaison" */;
			buildPhases = (
				A98531E329D4574800BF2CEE /* Sources */,
				A98531E429D4574800BF2CEE /* Frameworks */,
				A98531E529D4574800BF2CEE /* Resources */,
			);
			buildRules = (
			);
			dependencies = (
			);
			name = "Quiz Conjugaison";
			productName = "Quiz Conjugaison";
			productReference = A98531E729D4574800BF2CEE /* Quiz Conjugaison.app */;
			productType = "com.apple.product-type.application";
		};
/* End PBXNativeTarget section */

/* Begin PBXProject section */
		A98531DF29D4574800BF2CEE /* Project object */ = {
			isa = PBXProject;
			attributes = {
				BuildIndependentTargetsInParallel = 1;
				LastSwiftUpdateCheck = 1420;
				LastUpgradeCheck = 1420;
				TargetAttributes = {
					A98531E629D4574800BF2CEE = {
						CreatedOnToolsVersion = 14.2;
					};
				};
			};
			buildConfigurationList = A98531E229D4574800BF2CEE /* Build configuration list for PBXProject "Quiz Conjugaison" */;
			compatibilityVersion = "Xcode 14.0";
			developmentRegion = en;
			hasScannedForEncodings = 0;
			knownRegions = (
				en,
				Base,
			);
			mainGroup = A98531DE29D4574800BF2CEE;
			productRefGroup = A98531E829D4574800BF2CEE /* Products */;
			projectDirPath = "";
			projectRoot = "";
			targets = (
				A98531E629D4574800BF2CEE /* Quiz Conjugaison */,
			);
		};
/* End PBXProject section */

/* Begin PBXResourcesBuildPhase section */
		A98531E529D4574800BF2CEE /* Resources */ = {
			isa = PBXResourcesBuildPhase;
			buildActionMask = 2147483647;
			files = (
				A98531F729D4574900BF2CEE /* LaunchScreen.storyboard in Resources */,
				A98531F429D4574900BF2CEE /* Assets.xcassets in Resources */,
				A98531F229D4574800BF2CEE /* Main.storyboard in Resources */,
			);
			runOnlyForDeploymentPostprocessing = 0;
		};
/* End PBXResourcesBuildPhase section */

/* Begin PBXSourcesBuildPhase section */
		A98531E329D4574800BF2CEE /* Sources */ = {
			isa = PBXSourcesBuildPhase;
			buildActionMask = 2147483647;
			files = (
				A9CCFD4529DC8AB700B9AFDC /* QuizBrain.swift in Sources */,
				A98531EF29D4574800BF2CEE /* ViewController.swift in Sources */,
				A9CCFD4029DC4E3000B9AFDC /* Question.swift in Sources */,
				A98531EB29D4574800BF2CEE /* AppDelegate.swift in Sources */,
				A98531ED29D4574800BF2CEE /* SceneDelegate.swift in Sources */,
			);
			runOnlyForDeploymentPostprocessing = 0;
		};
/* End PBXSourcesBuildPhase section */

/* Begin PBXVariantGroup section */
		A98531F029D4574800BF2CEE /* Main.storyboard */ = {
			isa = PBXVariantGroup;
			children = (
				A98531F129D4574800BF2CEE /* Base */,
			);
			name = Main.storyboard;
			sourceTree = "<group>";
		};
		A98531F529D4574900BF2CEE /* LaunchScreen.storyboard */ = {
			isa = PBXVariantGroup;
			children = (
				A98531F629D4574900BF2CEE /* Base */,
			);
			name = LaunchScreen.storyboard;
			sourceTree = "<group>";
		};
/* End PBXVariantGroup section */

/* Begin XCBuildConfiguration section */
		A98531F929D4574900BF2CEE /* Debug */ = {
			isa = XCBuildConfiguration;
			buildSettings = {
				ALWAYS_SEARCH_USER_PATHS = NO;
				CLANG_ANALYZER_NONNULL = YES;
				CLANG_ANALYZER_NUMBER_OBJECT_CONVERSION = YES_AGGRESSIVE;
				CLANG_CXX_LANGUAGE_STANDARD = "gnu++20";
				CLANG_ENABLE_MODULES = YES;
				CLANG_ENABLE_OBJC_ARC = YES;
				CLANG_ENABLE_OBJC_WEAK = YES;
				CLANG_WARN_BLOCK_CAPTURE_AUTORELEASING = YES;
				CLANG_WARN_BOOL_CONVERSION = YES;
				CLANG_WARN_COMMA = YES;
				CLANG_WARN_CONSTANT_CONVERSION = YES;
				CLANG_WARN_DEPRECATED_OBJC_IMPLEMENTATIONS = YES;
				CLANG_WARN_DIRECT_OBJC_ISA_USAGE = YES_ERROR;
				CLANG_WARN_DOCUMENTATION_COMMENTS = YES;
				CLANG_WARN_EMPTY_BODY = YES;
				CLANG_WARN_ENUM_CONVERSION = YES;
				CLANG_WARN_INFINITE_RECURSION = YES;
				CLANG_WARN_INT_CONVERSION = YES;
				CLANG_WARN_NON_LITERAL_NULL_CONVERSION = YES;
				CLANG_WARN_OBJC_IMPLICIT_RETAIN_SELF = YES;
				CLANG_WARN_OBJC_LITERAL_CONVERSION = YES;
				CLANG_WARN_OBJC_ROOT_CLASS = YES_ERROR;
				CLANG_WARN_QUOTED_INCLUDE_IN_FRAMEWORK_HEADER = YES;
				CLANG_WARN_RANGE_LOOP_ANALYSIS = YES;
				CLANG_WARN_STRICT_PROTOTYPES = YES;
				CLANG_WARN_SUSPICIOUS_MOVE = YES;
				CLANG_WARN_UNGUARDED_AVAILABILITY = YES_AGGRESSIVE;
				CLANG_WARN_UNREACHABLE_CODE = YES;
				CLANG_WARN__DUPLICATE_METHOD_MATCH = YES;
				COPY_PHASE_STRIP = NO;
				DEBUG_INFORMATION_FORMAT = dwarf;
				ENABLE_STRICT_OBJC_MSGSEND = YES;
				ENABLE_TESTABILITY = YES;
				GCC_C_LANGUAGE_STANDARD = gnu11;
				GCC_DYNAMIC_NO_PIC = NO;
				GCC_NO_COMMON_BLOCKS = YES;
				GCC_OPTIMIZATION_LEVEL = 0;
				GCC_PREPROCESSOR_DEFINITIONS = (
					"DEBUG=1",
					"$(inherited)",
				);
				GCC_WARN_64_TO_32_BIT_CONVERSION = YES;
				GCC_WARN_ABOUT_RETURN_TYPE = YES_ERROR;
				GCC_WARN_UNDECLARED_SELECTOR = YES;
				GCC_WARN_UNINITIALIZED_AUTOS = YES_AGGRESSIVE;
				GCC_WARN_UNUSED_FUNCTION = YES;
				GCC_WARN_UNUSED_VARIABLE = YES;
				IPHONEOS_DEPLOYMENT_TARGET = 16.2;
				MTL_ENABLE_DEBUG_INFO = INCLUDE_SOURCE;
				MTL_FAST_MATH = YES;
				ONLY_ACTIVE_ARCH = YES;
				SDKROOT = iphoneos;
				SWIFT_ACTIVE_COMPILATION_CONDITIONS = DEBUG;
				SWIFT_OPTIMIZATION_LEVEL = "-Onone";
			};
			name = Debug;
		};
		A98531FA29D4574900BF2CEE /* Release */ = {
			isa = XCBuildConfiguration;
			buildSettings = {
				ALWAYS_SEARCH_USER_PATHS = NO;
				CLANG_ANALYZER_NONNULL = YES;
				CLANG_ANALYZER_NUMBER_OBJECT_CONVERSION = YES_AGGRESSIVE;
				CLANG_CXX_LANGUAGE_STANDARD = "gnu++20";
				CLANG_ENABLE_MODULES = YES;
				CLANG_ENABLE_OBJC_ARC = YES;
				CLANG_ENABLE_OBJC_WEAK = YES;
				CLANG_WARN_BLOCK_CAPTURE_AUTORELEASING = YES;
				CLANG_WARN_BOOL_CONVERSION = YES;
				CLANG_WARN_COMMA = YES;
				CLANG_WARN_CONSTANT_CONVERSION = YES;
				CLANG_WARN_DEPRECATED_OBJC_IMPLEMENTATIONS = YES;
				CLANG_WARN_DIRECT_OBJC_ISA_USAGE = YES_ERROR;
				CLANG_WARN_DOCUMENTATION_COMMENTS = YES;
				CLANG_WARN_EMPTY_BODY = YES;
				CLANG_WARN_ENUM_CONVERSION = YES;
				CLANG_WARN_INFINITE_RECURSION = YES;
				CLANG_WARN_INT_CONVERSION = YES;
				CLANG_WARN_NON_LITERAL_NULL_CONVERSION = YES;
				CLANG_WARN_OBJC_IMPLICIT_RETAIN_SELF = YES;
				CLANG_WARN_OBJC_LITERAL_CONVERSION = YES;
				CLANG_WARN_OBJC_ROOT_CLASS = YES_ERROR;
				CLANG_WARN_QUOTED_INCLUDE_IN_FRAMEWORK_HEADER = YES;
				CLANG_WARN_RANGE_LOOP_ANALYSIS = YES;
				CLANG_WARN_STRICT_PROTOTYPES = YES;
				CLANG_WARN_SUSPICIOUS_MOVE = YES;
				CLANG_WARN_UNGUARDED_AVAILABILITY = YES_AGGRESSIVE;
				CLANG_WARN_UNREACHABLE_CODE = YES;
				CLANG_WARN__DUPLICATE_METHOD_MATCH = YES;
				COPY_PHASE_STRIP = NO;
				DEBUG_INFORMATION_FORMAT = "dwarf-with-dsym";
				ENABLE_NS_ASSERTIONS = NO;
				ENABLE_STRICT_OBJC_MSGSEND = YES;
				GCC_C_LANGUAGE_STANDARD = gnu11;
				GCC_NO_COMMON_BLOCKS = YES;
				GCC_WARN_64_TO_32_BIT_CONVERSION = YES;
				GCC_WARN_ABOUT_RETURN_TYPE = YES_ERROR;
				GCC_WARN_UNDECLARED_SELECTOR = YES;
				GCC_WARN_UNINITIALIZED_AUTOS = YES_AGGRESSIVE;
				GCC_WARN_UNUSED_FUNCTION = YES;
				GCC_WARN_UNUSED_VARIABLE = YES;
				IPHONEOS_DEPLOYMENT_TARGET = 16.2;
				MTL_ENABLE_DEBUG_INFO = NO;
				MTL_FAST_MATH = YES;
				SDKROOT = iphoneos;
				SWIFT_COMPILATION_MODE = wholemodule;
				SWIFT_OPTIMIZATION_LEVEL = "-O";
				VALIDATE_PRODUCT = YES;
			};
			name = Release;
		};
		A98531FC29D4574900BF2CEE /* Debug */ = {
			isa = XCBuildConfiguration;
			buildSettings = {
				ASSETCATALOG_COMPILER_APPICON_NAME = AppIcon;
				ASSETCATALOG_COMPILER_GLOBAL_ACCENT_COLOR_NAME = AccentColor;
				CODE_SIGN_STYLE = Automatic;
				CURRENT_PROJECT_VERSION = 1;
				DEVELOPMENT_TEAM = 9577TL6VW8;
				GENERATE_INFOPLIST_FILE = YES;
				INFOPLIST_FILE = "Quiz Conjugaison/Info.plist";
				INFOPLIST_KEY_UIApplicationSupportsIndirectInputEvents = YES;
				INFOPLIST_KEY_UILaunchStoryboardName = LaunchScreen;
				INFOPLIST_KEY_UIMainStoryboardFile = Main;
				INFOPLIST_KEY_UISupportedInterfaceOrientations = UIInterfaceOrientationPortrait;
				LD_RUNPATH_SEARCH_PATHS = (
					"$(inherited)",
					"@executable_path/Frameworks",
				);
				MARKETING_VERSION = 1.0;
				PRODUCT_BUNDLE_IDENTIFIER = "com.rodrigotelles.Quiz-Conjugaison";
				PRODUCT_NAME = "$(TARGET_NAME)";
				SWIFT_EMIT_LOC_STRINGS = YES;
				SWIFT_VERSION = 5.0;
				TARGETED_DEVICE_FAMILY = "1,2";
			};
			name = Debug;
		};
		A98531FD29D4574900BF2CEE /* Release */ = {
			isa = XCBuildConfiguration;
			buildSettings = {
				ASSETCATALOG_COMPILER_APPICON_NAME = AppIcon;
				ASSETCATALOG_COMPILER_GLOBAL_ACCENT_COLOR_NAME = AccentColor;
				CODE_SIGN_STYLE = Automatic;
				CURRENT_PROJECT_VERSION = 1;
				DEVELOPMENT_TEAM = 9577TL6VW8;
				GENERATE_INFOPLIST_FILE = YES;
				INFOPLIST_FILE = "Quiz Conjugaison/Info.plist";
				INFOPLIST_KEY_UIApplicationSupportsIndirectInputEvents = YES;
				INFOPLIST_KEY_UILaunchStoryboardName = LaunchScreen;
				INFOPLIST_KEY_UIMainStoryboardFile = Main;
				INFOPLIST_KEY_UISupportedInterfaceOrientations = UIInterfaceOrientationPortrait;
				LD_RUNPATH_SEARCH_PATHS = (
					"$(inherited)",
					"@executable_path/Frameworks",
				);
				MARKETING_VERSION = 1.0;
				PRODUCT_BUNDLE_IDENTIFIER = "com.rodrigotelles.Quiz-Conjugaison";
				PRODUCT_NAME = "$(TARGET_NAME)";
				SWIFT_EMIT_LOC_STRINGS = YES;
				SWIFT_VERSION = 5.0;
				TARGETED_DEVICE_FAMILY = "1,2";
			};
			name = Release;
		};
/* End XCBuildConfiguration section */

/* Begin XCConfigurationList section */
		A98531E229D4574800BF2CEE /* Build configuration list for PBXProject "Quiz Conjugaison" */ = {
			isa = XCConfigurationList;
			buildConfigurations = (
				A98531F929D4574900BF2CEE /* Debug */,
				A98531FA29D4574900BF2CEE /* Release */,
			);
			defaultConfigurationIsVisible = 0;
			defaultConfigurationName = Release;
		};
		A98531FB29D4574900BF2CEE /* Build configuration list for PBXNativeTarget "Quiz Conjugaison" */ = {
			isa = XCConfigurationList;
			buildConfigurations = (
				A98531FC29D4574900BF2CEE /* Debug */,
				A98531FD29D4574900BF2CEE /* Release */,
			);
			defaultConfigurationIsVisible = 0;
			defaultConfigurationName = Release;
		};
/* End XCConfigurationList section */
	};
	rootObject = A98531DF29D4574800BF2CEE /* Project object */;
}
